github.com/go-faker/faker/v4 v4.1.1 h1:zkxj/JH/aezB4R6cTEMKU7qcVScGhlB3qRtF3D7K+rI=
github.com/go-faker/faker/v4 v4.1.1/go.mod h1:uuNc0PSRxF8nMgjGrrrU4Nw5cF30Jc6Kd0/FUTTYbhg=
golang.org/x/text v0.3.8 h1:nAL+RVCQ9uMn3vJZbV+MRnydTJFPf8qqY42YiA6MrqY=
golang.org/x/text v0.3.8/go.mod h1:E6s5w1FMmriuDzIBO73fBruAKo1PCIq6d2Q6DHfQ8WQ=
