github.com/cloudcentricdev/golang-tutorials/03 v0.0.0-20230816195113-12528ea088cd h1:t/OFSXUOVAZqpwmdF/fRSqIcYejWVPNkgEt+EFSSg8k=
github.com/cloudcentricdev/golang-tutorials/03 v0.0.0-20230816195113-12528ea088cd/go.mod h1:Gq17OoOE68r5UkcRE7gPSJLr05Nv1AIEtb6ZLUuQygc=
github.com/cloudcentricdev/golang-tutorials/04 v0.0.0-20230915074531-ed5633ef80df h1:n4TMwqPmxVQaT2fJYi09rKsQdsf+GjtWpnYK2vNc9Zk=
github.com/cloudcentricdev/golang-tutorials/04 v0.0.0-20230915074531-ed5633ef80df/go.mod h1:wjnr4UbEZH+Fsiqm9tY9+Sy3AwS9AKbJG1x7ee7gb54=
github.com/fatih/color v1.15.0 h1:kOqh6YHBtK8aywxGerMG2Eq3H6Qgoqeo13Bk2Mv/nBs=
github.com/fatih/color v1.15.0/go.mod h1:0h5ZqXfHYED7Bhv2ZJamyIOUej9KtShiJESRwBDUSsw=
github.com/go-faker/faker/v4 v4.1.1 h1:zkxj/JH/aezB4R6cTEMKU7qcVScGhlB3qRtF3D7K+rI=
github.com/go-faker/faker/v4 v4.1.1/go.mod h1:uuNc0PSRxF8nMgjGrrrU4Nw5cF30Jc6Kd0/FUTTYbhg=
github.com/mattn/go-colorable v0.1.13 h1:fFA4WZxdEF4tXPZVKMLwD8oUnCTTo08duU7wxecdEvA=
github.com/mattn/go-colorable v0.1.13/go.mod h1:7S9/ev0klgBDR4GtXTXX8a3vIGJpMovkB8vQcUbaXHg=
github.com/mattn/go-isatty v0.0.16/go.mod h1:kYGgaQfpe5nmfYZH+SKPsOc2e4SrIfOl2e/yFXSvRLM=
github.com/mattn/go-isatty v0.0.17 h1:BTarxUcIeDqL27Mc+vyvdWYSL28zpIhv3RoTdsLMPng=
github.com/mattn/go-isatty v0.0.17/go.mod h1:kYGgaQfpe5nmfYZH+SKPsOc2e4SrIfOl2e/yFXSvRLM=
golang.org/x/sys v0.0.0-20220811171246-fbc7d0a398ab/go.mod h1:oPkhp1MJrh7nUepCBck5+mAzfO9JrbApNNgaTdGDITg=
golang.org/x/sys v0.6.0 h1:MVltZSvRTcU2ljQOhs94SXPftV6DCNnZViHeQps87pQ=
golang.org/x/sys v0.6.0/go.mod h1:oPkhp1MJrh7nUepCBck5+mAzfO9JrbApNNgaTdGDITg=
golang.org/x/text v0.3.7 h1:olpwvP2KacW1ZWvsR7uQhoyTYvKAupfQrRGBFM352Gk=
golang.org/x/text v0.3.7/go.mod h1:u+2+/6zg+i71rQMx5EYifcz6MCKuco9NR6JIITiCfzQ=
