github.com/cloudcentricdev/golang-tutorials/03 v0.0.0-20230816195113-12528ea088cd h1:t/OFSXUOVAZqpwmdF/fRSqIcYejWVPNkgEt+EFSSg8k=
github.com/cloudcentricdev/golang-tutorials/03 v0.0.0-20230816195113-12528ea088cd/go.mod h1:Gq17OoOE68r5UkcRE7gPSJLr05Nv1AIEtb6ZLUuQygc=
github.com/go-faker/faker/v4 v4.1.1 h1:zkxj/JH/aezB4R6cTEMKU7qcVScGhlB3qRtF3D7K+rI=
github.com/go-faker/faker/v4 v4.1.1/go.mod h1:uuNc0PSRxF8nMgjGrrrU4Nw5cF30Jc6Kd0/FUTTYbhg=
golang.org/x/text v0.3.7 h1:olpwvP2KacW1ZWvsR7uQhoyTYvKAupfQrRGBFM352Gk=
golang.org/x/text v0.3.7/go.mod h1:u+2+/6zg+i71rQMx5EYifcz6MCKuco9NR6JIITiCfzQ=
